
Microsoft Visual Studio Solution File, Format Version 12.00
# Visual Studio 14
VisualStudioVersion = 14.0.25420.1
MinimumVisualStudioVersion = 10.0.40219.1
Project("{F184B08F-C81C-45F6-A57F-5ABD9991F28F}") = "HelloWorldVB", "HelloWorldVB\HelloWorldVB.vbproj", "{88FF8BB5-5395-479E-960D-D9EEBEFD14BB}"
EndProject
Project("{F184B08F-C81C-45F6-A57F-5ABD9991F28F}") = "HelloWorldVB.UnitTests", "HelloWorldVB.UnitTests\HelloWorldVB.UnitTests.vbproj", "{E966B587-DA6C-4735-AE62-2102D465A3B6}"
EndProject
Project("{2150E333-8FDC-42A3-9474-1A3956D46DE8}") = "Solution Items", "Solution Items", "{E86EFCE0-FB7B-45ED-900F-0F8BB828FEA6}"
	ProjectSection(SolutionItems) = preProject
		..\.gitattributes = ..\.gitattributes
		..\.gitignore = ..\.gitignore
		README.md = README.md
	EndProjectSection
EndProject
Project("{FAE04EC0-301F-11D3-BF4B-00C04F79EFBC}") = "HelloWorld", "HelloWorld\HelloWorld.csproj", "{37A04F2B-6E6E-4D7E-AA7D-810CD44896EC}"
EndProject
Project("{FAE04EC0-301F-11D3-BF4B-00C04F79EFBC}") = "HelloWorld.UnitTests", "HelloWorld.UnitTests\HelloWorld.UnitTests.csproj", "{E4DAF508-61FB-4BD5-93AA-6F81BA685AFF}"
EndProject
Project("{2150E333-8FDC-42A3-9474-1A3956D46DE8}") = ".nuget", ".nuget", "{E6E07EC8-19FB-4FB6-B731-512CAF8B0C76}"
	ProjectSection(SolutionItems) = preProject
		.nuget\NuGet.Config = .nuget\NuGet.Config
		.nuget\NuGet.exe = .nuget\NuGet.exe
		.nuget\NuGet.targets = .nuget\NuGet.targets
	EndProjectSection
EndProject
Global
	GlobalSection(SolutionConfigurationPlatforms) = preSolution
		Debug|Any CPU = Debug|Any CPU
		Release|Any CPU = Release|Any CPU
	EndGlobalSection
	GlobalSection(ProjectConfigurationPlatforms) = postSolution
		{88FF8BB5-5395-479E-960D-D9EEBEFD14BB}.Debug|Any CPU.ActiveCfg = Debug|Any CPU
		{88FF8BB5-5395-479E-960D-D9EEBEFD14BB}.Debug|Any CPU.Build.0 = Debug|Any CPU
		{88FF8BB5-5395-479E-960D-D9EEBEFD14BB}.Release|Any CPU.ActiveCfg = Release|Any CPU
		{88FF8BB5-5395-479E-960D-D9EEBEFD14BB}.Release|Any CPU.Build.0 = Release|Any CPU
		{E966B587-DA6C-4735-AE62-2102D465A3B6}.Debug|Any CPU.ActiveCfg = Debug|Any CPU
		{E966B587-DA6C-4735-AE62-2102D465A3B6}.Debug|Any CPU.Build.0 = Debug|Any CPU
		{E966B587-DA6C-4735-AE62-2102D465A3B6}.Release|Any CPU.ActiveCfg = Release|Any CPU
		{E966B587-DA6C-4735-AE62-2102D465A3B6}.Release|Any CPU.Build.0 = Release|Any CPU
		{37A04F2B-6E6E-4D7E-AA7D-810CD44896EC}.Debug|Any CPU.ActiveCfg = Debug|Any CPU
		{37A04F2B-6E6E-4D7E-AA7D-810CD44896EC}.Debug|Any CPU.Build.0 = Debug|Any CPU
		{37A04F2B-6E6E-4D7E-AA7D-810CD44896EC}.Release|Any CPU.ActiveCfg = Release|Any CPU
		{37A04F2B-6E6E-4D7E-AA7D-810CD44896EC}.Release|Any CPU.Build.0 = Release|Any CPU
		{E4DAF508-61FB-4BD5-93AA-6F81BA685AFF}.Debug|Any CPU.ActiveCfg = Debug|Any CPU
		{E4DAF508-61FB-4BD5-93AA-6F81BA685AFF}.Debug|Any CPU.Build.0 = Debug|Any CPU
		{E4DAF508-61FB-4BD5-93AA-6F81BA685AFF}.Release|Any CPU.ActiveCfg = Release|Any CPU
		{E4DAF508-61FB-4BD5-93AA-6F81BA685AFF}.Release|Any CPU.Build.0 = Release|Any CPU
	EndGlobalSection
	GlobalSection(SolutionProperties) = preSolution
		HideSolutionNode = FALSE
	EndGlobalSection
EndGlobal
